
Microsoft Visual Studio Solution File, Format Version 12.00
# Visual Studio Version 17
VisualStudioVersion = 17.4.33205.214
MinimumVisualStudioVersion = 10.0.40219.1
Project("{FAE04EC0-301F-11D3-BF4B-00C04F79EFBC}") = "MatchGame", "MatchGame\MatchGame.csproj", "{31E55151-D36A-4906-8CE2-63672473FED9}"
EndProject
Global
	GlobalSection(SolutionConfigurationPlatforms) = preSolution
		Debug|Any CPU = Debug|Any CPU
		Release|Any CPU = Release|Any CPU
	EndGlobalSection
	GlobalSection(ProjectConfigurationPlatforms) = postSolution
		{31E55151-D36A-4906-8CE2-63672473FED9}.Debug|Any CPU.ActiveCfg = Debug|Any CPU
		{31E55151-D36A-4906-8CE2-63672473FED9}.Debug|Any CPU.Build.0 = Debug|Any CPU
		{31E55151-D36A-4906-8CE2-63672473FED9}.Release|Any CPU.ActiveCfg = Release|Any CPU
		{31E55151-D36A-4906-8CE2-63672473FED9}.Release|Any CPU.Build.0 = Release|Any CPU
	EndGlobalSection
	GlobalSection(SolutionProperties) = preSolution
		HideSolutionNode = FALSE
	EndGlobalSection
	GlobalSection(ExtensibilityGlobals) = postSolution
		SolutionGuid = {F6A96F21-3DC6-47E2-AF9B-CBFC9B790A0E}
	EndGlobalSection
EndGlobal
